# THIS IS AN AUTOGENERATED FILE. DO NOT EDIT THIS FILE DIRECTLY.
# yarn lockfile v1


agent-base@6:
  version "6.0.0"
  resolved "https://registry.npm.taobao.org/agent-base/download/agent-base-6.0.0.tgz?cache=0&sync_timestamp=1579811507521&other_urls=https%3A%2F%2Fregistry.npm.taobao.org%2Fagent-base%2Fdownload%2Fagent-base-6.0.0.tgz#5d0101f19bbfaed39980b22ae866de153b93f09a"
  integrity sha1-XQEB8Zu/rtOZgLIq6GbeFTuT8Jo=
  dependencies:
    debug "4"

appdata-path@^1.0.0:
  version "1.0.0"
  resolved "https://registry.npm.taobao.org/appdata-path/download/appdata-path-1.0.0.tgz#c4022d0b6727d1ddc1dd7ecec143d4352f3eefad"
  integrity sha1-xAItC2cn0d3B3X7OwUPUNS8+760=

axios@^0.19.2:
  version "0.19.2"
  resolved "https://registry.npm.taobao.org/axios/download/axios-0.19.2.tgz#3ea36c5d8818d0d5f8a8a97a6d36b86cdc00cb27"
  integrity sha1-PqNsXYgY0NX4qKl6bTa4bNwAyyc=
  dependencies:
    follow-redirects "1.5.10"

colors@^1.4.0:
  version "1.4.0"
  resolved "https://registry.npm.taobao.org/colors/download/colors-1.4.0.tgz#c50491479d4c1bdaed2c9ced32cf7c7dc2360f78"
  integrity sha1-xQSRR51MG9rtLJztMs98fcI2D3g=

commander@^2.20.3:
  version "2.20.3"
  resolved "https://registry.npm.taobao.org/commander/download/commander-2.20.3.tgz?cache=0&sync_timestamp=1582184307751&other_urls=https%3A%2F%2Fregistry.npm.taobao.org%2Fcommander%2Fdownload%2Fcommander-2.20.3.tgz#fd485e84c03eb4881c20722ba48035e8531aeb33"
  integrity sha1-/UhehMA+tIgcIHIrpIA16FMa6zM=

debug@4:
  version "4.1.1"
  resolved "https://registry.npm.taobao.org/debug/download/debug-4.1.1.tgz#3b72260255109c6b589cee050f1d516139664791"
  integrity sha1-O3ImAlUQnGtYnO4FDx1RYTlmR5E=
  dependencies:
    ms "^2.1.1"

debug@=3.1.0:
  version "3.1.0"
  resolved "https://registry.npm.taobao.org/debug/download/debug-3.1.0.tgz#5bb5a0672628b64149566ba16819e61518c67261"
  integrity sha1-W7WgZyYotkFJVmuhaBnmFRjGcmE=
  dependencies:
    ms "2.0.0"

follow-redirects@1.5.10:
  version "1.5.10"
  resolved "https://registry.npm.taobao.org/follow-redirects/download/follow-redirects-1.5.10.tgz?cache=0&sync_timestamp=1580082237027&other_urls=https%3A%2F%2Fregistry.npm.taobao.org%2Ffollow-redirects%2Fdownload%2Ffollow-redirects-1.5.10.tgz#7b7a9f9aea2fdff36786a94ff643ed07f4ff5e2a"
  integrity sha1-e3qfmuov3/NnhqlP9kPtB/T/Xio=
  dependencies:
    debug "=3.1.0"

fs-extra@^8.1.0:
  version "8.1.0"
  resolved "https://registry.npm.taobao.org/fs-extra/download/fs-extra-8.1.0.tgz#49d43c45a88cd9677668cb7be1b46efdb8d2e1c0"
  integrity sha1-SdQ8RaiM2Wd2aMt74bRu/bjS4cA=
  dependencies:
    graceful-fs "^4.2.0"
    jsonfile "^4.0.0"
    universalify "^0.1.0"

graceful-fs@^4.1.6, graceful-fs@^4.2.0:
  version "4.2.3"
  resolved "https://registry.npm.taobao.org/graceful-fs/download/graceful-fs-4.2.3.tgz#4a12ff1b60376ef09862c2093edd908328be8423"
  integrity sha1-ShL/G2A3bvCYYsIJPt2Qgyi+hCM=

https-proxy-agent@^5.0.0:
  version "5.0.0"
  resolved "https://registry.npm.taobao.org/https-proxy-agent/download/https-proxy-agent-5.0.0.tgz?cache=0&sync_timestamp=1581106803611&other_urls=https%3A%2F%2Fregistry.npm.taobao.org%2Fhttps-proxy-agent%2Fdownload%2Fhttps-proxy-agent-5.0.0.tgz#e2a90542abb68a762e0a0850f6c9edadfd8506b2"
  integrity sha1-4qkFQqu2inYuCghQ9sntrf2FBrI=
  dependencies:
    agent-base "6"
    debug "4"

ip@1.1.5:
  version "1.1.5"
  resolved "https://registry.npm.taobao.org/ip/download/ip-1.1.5.tgz#bdded70114290828c0a039e72ef25f5aaec4354a"
  integrity sha1-vd7XARQpCCjAoDnnLvJfWq7ENUo=

is-extglob@^1.0.0:
  version "1.0.0"
  resolved "https://registry.npm.taobao.org/is-extglob/download/is-extglob-1.0.0.tgz#ac468177c4943405a092fc8f29760c6ffc6206c0"
  integrity sha1-rEaBd8SUNAWgkvyPKXYMb/xiBsA=

is-glob@^2.0.0:
  version "2.0.1"
  resolved "https://registry.npm.taobao.org/is-glob/download/is-glob-2.0.1.tgz#d096f926a3ded5600f3fdfd91198cb0888c2d863"
  integrity sha1-0Jb5JqPe1WAPP9/ZEZjLCIjC2GM=
  dependencies:
    is-extglob "^1.0.0"

is-invalid-path@^0.1.0:
  version "0.1.0"
  resolved "https://registry.npm.taobao.org/is-invalid-path/download/is-invalid-path-0.1.0.tgz#307a855b3cf1a938b44ea70d2c61106053714f34"
  integrity sha1-MHqFWzzxqTi0TqcNLGEQYFNxTzQ=
  dependencies:
    is-glob "^2.0.0"

is-valid-path@^0.1.1:
  version "0.1.1"
  resolved "https://registry.npm.taobao.org/is-valid-path/download/is-valid-path-0.1.1.tgz#110f9ff74c37f663e1ec7915eb451f2db93ac9df"
  integrity sha1-EQ+f90w39mPh7HkV60UfLbk6yd8=
  dependencies:
    is-invalid-path "^0.1.0"

jsonfile@^4.0.0:
  version "4.0.0"
  resolved "https://registry.npm.taobao.org/jsonfile/download/jsonfile-4.0.0.tgz#8771aae0799b64076b76640fca058f9c10e33ecb"
  integrity sha1-h3Gq4HmbZAdrdmQPygWPnBDjPss=
  optionalDependencies:
    graceful-fs "^4.1.6"

ms@2.0.0:
  version "2.0.0"
  resolved "https://registry.npm.taobao.org/ms/download/ms-2.0.0.tgz#5608aeadfc00be6c2901df5f9861788de0d597c8"
  integrity sha1-VgiurfwAvmwpAd9fmGF4jeDVl8g=

ms@^2.1.1:
  version "2.1.2"
  resolved "https://registry.npm.taobao.org/ms/download/ms-2.1.2.tgz#d09d1f357b443f493382a8eb3ccd183872ae6009"
  integrity sha1-0J0fNXtEP0kzgqjrPM0YOHKuYAk=

nhentai-api@^2.0.4:
  version "2.0.4"
  resolved "https://registry.npm.taobao.org/nhentai-api/download/nhentai-api-2.0.4.tgz#954218507efe3f32bc5c62afa8eb5a9f8b7af661"
  integrity sha1-lUIYUH7+PzK8XGKvqOtan4t69mE=

readline-sync@^1.4.10:
  version "1.4.10"
  resolved "https://registry.npm.taobao.org/readline-sync/download/readline-sync-1.4.10.tgz#41df7fbb4b6312d673011594145705bf56d8873b"
  integrity sha1-Qd9/u0tjEtZzARWUFFcFv1bYhzs=

smart-buffer@^4.1.0:
  version "4.1.0"
  resolved "https://registry.npm.taobao.org/smart-buffer/download/smart-buffer-4.1.0.tgz#91605c25d91652f4661ea69ccf45f1b331ca21ba"
  integrity sha1-kWBcJdkWUvRmHqacz0XxszHKIbo=

socks-proxy-agent@^5.0.0:
  version "5.0.0"
  resolved "https://registry.npm.taobao.org/socks-proxy-agent/download/socks-proxy-agent-5.0.0.tgz?cache=0&sync_timestamp=1580845554635&other_urls=https%3A%2F%2Fregistry.npm.taobao.org%2Fsocks-proxy-agent%2Fdownload%2Fsocks-proxy-agent-5.0.0.tgz#7c0f364e7b1cf4a7a437e71253bed72e9004be60"
  integrity sha1-fA82Tnsc9KekN+cSU77XLpAEvmA=
  dependencies:
    agent-base "6"
    debug "4"
    socks "^2.3.3"

socks@^2.3.3:
  version "2.3.3"
  resolved "https://registry.npm.taobao.org/socks/download/socks-2.3.3.tgz?cache=0&other_urls=https%3A%2F%2Fregistry.npm.taobao.org%2Fsocks%2Fdownload%2Fsocks-2.3.3.tgz#01129f0a5d534d2b897712ed8aceab7ee65d78e3"
  integrity sha1-ARKfCl1TTSuJdxLtis6rfuZdeOM=
  dependencies:
    ip "1.1.5"
    smart-buffer "^4.1.0"

universalify@^0.1.0:
  version "0.1.2"
  resolved "https://registry.npm.taobao.org/universalify/download/universalify-0.1.2.tgz?cache=0&other_urls=https%3A%2F%2Fregistry.npm.taobao.org%2Funiversalify%2Fdownload%2Funiversalify-0.1.2.tgz#b646f69be3942dabcecc9d6639c80dc105efaa66"
  integrity sha1-tkb2m+OULavOzJ1mOcgNwQXvqmY=
